# @generated - this file is auto-generated by `mise lock` https://mise.en.dev/dev-tools/mise-lock.html

[[tools.actionlint]]
version = "1.7.12"
backend = "aqua:rhysd/actionlint"

[tools.actionlint."platforms.linux-arm64"]
checksum = "sha256:325e971b6ba9bfa504672e29be93c24981eeb1c07576d730e9f7c8805afff0c6"
url = "https://github.com/rhysd/actionlint/releases/download/v1.7.12/actionlint_1.7.12_linux_arm64.tar.gz"
provenance = "github-attestations"

[tools.actionlint."platforms.linux-arm64-musl"]
checksum = "sha256:325e971b6ba9bfa504672e29be93c24981eeb1c07576d730e9f7c8805afff0c6"
url = "https://github.com/rhysd/actionlint/releases/download/v1.7.12/actionlint_1.7.12_linux_arm64.tar.gz"
provenance = "github-attestations"

[tools.actionlint."platforms.linux-x64"]
checksum = "sha256:8aca8db96f1b94770f1b0d72b6dddcb1ebb8123cb3712530b08cc387b349a3d8"
url = "https://github.com/rhysd/actionlint/releases/download/v1.7.12/actionlint_1.7.12_linux_amd64.tar.gz"
provenance = "github-attestations"

[tools.actionlint."platforms.linux-x64-musl"]
checksum = "sha256:8aca8db96f1b94770f1b0d72b6dddcb1ebb8123cb3712530b08cc387b349a3d8"
url = "https://github.com/rhysd/actionlint/releases/download/v1.7.12/actionlint_1.7.12_linux_amd64.tar.gz"
provenance = "github-attestations"

[tools.actionlint."platforms.macos-arm64"]
checksum = "sha256:aba9ced2dee8d27fecca3dc7feb1a7f9a52caefa1eb46f3271ea66b6e0e6953f"
url = "https://github.com/rhysd/actionlint/releases/download/v1.7.12/actionlint_1.7.12_darwin_arm64.tar.gz"
provenance = "github-attestations"

[tools.actionlint."platforms.macos-x64"]
checksum = "sha256:5b44c3bc2255115c9b69e30efc0fecdf498fdb63c5d58e17084fd5f16324c644"
url = "https://github.com/rhysd/actionlint/releases/download/v1.7.12/actionlint_1.7.12_darwin_amd64.tar.gz"
provenance = "github-attestations"

[tools.actionlint."platforms.windows-x64"]
checksum = "sha256:6e7241b51e6817ea6a047693d8e6fed13b31819c9a0dd6c5a726e1592d22f6e9"
url = "https://github.com/rhysd/actionlint/releases/download/v1.7.12/actionlint_1.7.12_windows_amd64.zip"
provenance = "github-attestations"

[[tools."aqua:grafana/flint"]]
version = "0.22.4"
backend = "aqua:grafana/flint"

[tools."aqua:grafana/flint"."platforms.linux-arm64"]
checksum = "sha256:3867f7a93cb7938123b295d222dacd3817bb9f837febd23dd05424630fc63207"
url = "https://github.com/grafana/flint/releases/download/v0.22.4/flint-aarch64-unknown-linux-gnu.tar.gz"
provenance = "github-attestations"

[tools."aqua:grafana/flint"."platforms.linux-arm64-musl"]
provenance = "github-attestations"

[tools."aqua:grafana/flint"."platforms.linux-x64"]
checksum = "sha256:d4d80fef53315bb68eb2fea262545524b08e4fcd0cd55fcf66eb7aba14e58d59"
url = "https://github.com/grafana/flint/releases/download/v0.22.4/flint-x86_64-unknown-linux-gnu.tar.gz"
provenance = "github-attestations"

[tools."aqua:grafana/flint"."platforms.linux-x64-musl"]
provenance = "github-attestations"

[tools."aqua:grafana/flint"."platforms.macos-arm64"]
checksum = "sha256:ed1ef2da0ebc32b703d6f71c955553fa781d11474fd75319868d7467d0d07a22"
url = "https://github.com/grafana/flint/releases/download/v0.22.4/flint-aarch64-apple-darwin.tar.gz"
provenance = "github-attestations"

[tools."aqua:grafana/flint"."platforms.macos-x64"]
checksum = "sha256:21096627f1327e5aebb1cc2b5976f75aadd3b6ad4f4a9ca80b985440953a9000"
url = "https://github.com/grafana/flint/releases/download/v0.22.4/flint-x86_64-apple-darwin.tar.gz"
provenance = "github-attestations"

[tools."aqua:grafana/flint"."platforms.windows-x64"]
checksum = "sha256:8a1225af5dae7aa7bb8b0b82e996fb9bca686f126791c997ec357acf1ccf808c"
url = "https://github.com/grafana/flint/releases/download/v0.22.4/flint-x86_64-pc-windows-msvc.zip"
provenance = "github-attestations"

[[tools."aqua:jonwiggins/xmloxide"]]
version = "0.4.3"
backend = "aqua:jonwiggins/xmloxide"

[tools."aqua:jonwiggins/xmloxide"."platforms.linux-arm64"]
checksum = "sha256:abb840c558fdc94b4c1eddb1e4a3901d6c8129dcb76f387428dc2b30a7364967"
url = "https://github.com/jonwiggins/xmloxide/releases/download/v0.4.3/xmllint_linux-aarch64"

[tools."aqua:jonwiggins/xmloxide"."platforms.linux-arm64-musl"]
checksum = "sha256:abb840c558fdc94b4c1eddb1e4a3901d6c8129dcb76f387428dc2b30a7364967"
url = "https://github.com/jonwiggins/xmloxide/releases/download/v0.4.3/xmllint_linux-aarch64"

[tools."aqua:jonwiggins/xmloxide"."platforms.linux-x64"]
checksum = "sha256:46ccd30ff3a242b3d01ab72366cc3b6762882be604ebceaa32123a40d0af2dfc"
url = "https://github.com/jonwiggins/xmloxide/releases/download/v0.4.3/xmllint_linux-x86-64"

[tools."aqua:jonwiggins/xmloxide"."platforms.linux-x64-musl"]
checksum = "sha256:46ccd30ff3a242b3d01ab72366cc3b6762882be604ebceaa32123a40d0af2dfc"
url = "https://github.com/jonwiggins/xmloxide/releases/download/v0.4.3/xmllint_linux-x86-64"

[tools."aqua:jonwiggins/xmloxide"."platforms.macos-arm64"]
checksum = "sha256:6a2cb055e63ae97d75cd346c34138a9e31626e1dfc0983006c422c203b5cc288"
url = "https://github.com/jonwiggins/xmloxide/releases/download/v0.4.3/xmllint_darwin-aarch64"

[tools."aqua:jonwiggins/xmloxide"."platforms.macos-x64"]
checksum = "sha256:e83cbba88862d009405b5ce9e48025ff84b683a39a0832dde2db5395cb54734f"
url = "https://github.com/jonwiggins/xmloxide/releases/download/v0.4.3/xmllint_darwin-x86-64"

[tools."aqua:jonwiggins/xmloxide"."platforms.windows-x64"]
checksum = "sha256:22872cad20b8ce8ccab28c42ce17acc9aa64b82cbad7d130ee74196cd74cd414"
url = "https://github.com/jonwiggins/xmloxide/releases/download/v0.4.3/xmllint_windows-x86-64.exe"

[[tools."aqua:owenlamont/ryl"]]
version = "0.10.2"
backend = "aqua:owenlamont/ryl"

[tools."aqua:owenlamont/ryl"."platforms.linux-arm64"]
checksum = "sha256:ee5527fa4942cd5d2b0074f3ecccc1e4bbab3f89a0b27ee0e7c6f68691fc8599"
url = "https://github.com/owenlamont/ryl/releases/download/v0.10.2/ryl-aarch64-unknown-linux-musl.tar.gz"
provenance = "github-attestations"

[tools."aqua:owenlamont/ryl"."platforms.linux-arm64-musl"]
checksum = "sha256:ee5527fa4942cd5d2b0074f3ecccc1e4bbab3f89a0b27ee0e7c6f68691fc8599"
url = "https://github.com/owenlamont/ryl/releases/download/v0.10.2/ryl-aarch64-unknown-linux-musl.tar.gz"
provenance = "github-attestations"

[tools."aqua:owenlamont/ryl"."platforms.linux-x64"]
checksum = "sha256:e78a08ad542e00fc201a3cf2b8dfb47280764e2660a4448b0d7cb46c1d642dfb"
url = "https://github.com/owenlamont/ryl/releases/download/v0.10.2/ryl-x86_64-unknown-linux-musl.tar.gz"
provenance = "github-attestations"

[tools."aqua:owenlamont/ryl"."platforms.linux-x64-musl"]
checksum = "sha256:e78a08ad542e00fc201a3cf2b8dfb47280764e2660a4448b0d7cb46c1d642dfb"
url = "https://github.com/owenlamont/ryl/releases/download/v0.10.2/ryl-x86_64-unknown-linux-musl.tar.gz"
provenance = "github-attestations"

[tools."aqua:owenlamont/ryl"."platforms.macos-arm64"]
checksum = "sha256:e2711a6867bcb4799935837b091ea38d4070b5d96e678e1dabd50487d4ae91e5"
url = "https://github.com/owenlamont/ryl/releases/download/v0.10.2/ryl-aarch64-apple-darwin.tar.gz"
provenance = "github-attestations"

[tools."aqua:owenlamont/ryl"."platforms.windows-x64"]
checksum = "sha256:e6f5eb41f300a18f3082c258232baae992f89ccb14e1f7080862850bcf6d8994"
url = "https://github.com/owenlamont/ryl/releases/download/v0.10.2/ryl-x86_64-pc-windows-msvc.zip"
provenance = "github-attestations"

[[tools.editorconfig-checker]]
version = "3.7.0"
backend = "aqua:editorconfig-checker/editorconfig-checker"

[tools.editorconfig-checker."platforms.linux-arm64"]
checksum = "sha256:e978f3f0940469989930311af8e101dd9ce8c2ee4da69264f3d76a3787e961ad"
url = "https://github.com/editorconfig-checker/editorconfig-checker/releases/download/v3.7.0/ec-linux-arm64.tar.gz"

[tools.editorconfig-checker."platforms.linux-arm64-musl"]
checksum = "sha256:e978f3f0940469989930311af8e101dd9ce8c2ee4da69264f3d76a3787e961ad"
url = "https://github.com/editorconfig-checker/editorconfig-checker/releases/download/v3.7.0/ec-linux-arm64.tar.gz"

[tools.editorconfig-checker."platforms.linux-x64"]
checksum = "sha256:9a0c3a5170bffa24f9e5f0def53d285777b6c5284a95367f40d399d0b76af552"
url = "https://github.com/editorconfig-checker/editorconfig-checker/releases/download/v3.7.0/ec-linux-amd64.tar.gz"

[tools.editorconfig-checker."platforms.linux-x64-musl"]
checksum = "sha256:9a0c3a5170bffa24f9e5f0def53d285777b6c5284a95367f40d399d0b76af552"
url = "https://github.com/editorconfig-checker/editorconfig-checker/releases/download/v3.7.0/ec-linux-amd64.tar.gz"

[tools.editorconfig-checker."platforms.macos-arm64"]
checksum = "sha256:727e6ef506c6fbe7719cc29c69b495715b64514a00059f3f179077bfad0580e5"
url = "https://github.com/editorconfig-checker/editorconfig-checker/releases/download/v3.7.0/ec-darwin-arm64.tar.gz"

[tools.editorconfig-checker."platforms.macos-x64"]
checksum = "sha256:6cd2e4aa2a374d391e3baeaae43fc28906fd15b09490f5669eee206a63eef00a"
url = "https://github.com/editorconfig-checker/editorconfig-checker/releases/download/v3.7.0/ec-darwin-amd64.tar.gz"

[tools.editorconfig-checker."platforms.windows-x64"]
checksum = "sha256:9c6b8a4cd7ccc5826ab96d34c460f37ab18b9cb50607d3ee9eb743fc47335da7"
url = "https://github.com/editorconfig-checker/editorconfig-checker/releases/download/v3.7.0/ec-windows-amd64.zip"

[[tools.java]]
version = "26.0.1"
backend = "core:java"

[tools.java."platforms.linux-arm64"]
checksum = "sha256:12a3649b2f4a0c9f6491d220bdd04b4fff07cae502b435aaff46eac0e36f4df1"
url = "https://download.java.net/java/GA/jdk26.0.1/458fda22e4c54d5ba572ab8d2b22eb83/8/GPL/openjdk-26.0.1_linux-aarch64_bin.tar.gz"

[tools.java."platforms.linux-x64"]
checksum = "sha256:2f2802d57b5fc414f1ddf6648ba12cc9a6454cf67b32ac95407c018f2e6ab0b0"
url = "https://download.java.net/java/GA/jdk26.0.1/458fda22e4c54d5ba572ab8d2b22eb83/8/GPL/openjdk-26.0.1_linux-x64_bin.tar.gz"

[tools.java."platforms.macos-arm64"]
checksum = "sha256:b2d57405194a312ed4ec6ec08e83b314d3fd2e425e895d704ec5ef8ea6059e17"
url = "https://download.java.net/java/GA/jdk26.0.1/458fda22e4c54d5ba572ab8d2b22eb83/8/GPL/openjdk-26.0.1_macos-aarch64_bin.tar.gz"

[tools.java."platforms.macos-x64"]
checksum = "sha256:e52bc05aefe4991329a6a103c9b42ae4b9b77240a9f9d3d12f6a7365db1ae16a"
url = "https://download.java.net/java/GA/jdk26.0.1/458fda22e4c54d5ba572ab8d2b22eb83/8/GPL/openjdk-26.0.1_macos-x64_bin.tar.gz"

[tools.java."platforms.windows-x64"]
checksum = "sha256:b381d30647aed9ff440abed5ab61af01d8578c290cd407c57e064ebc4b0151be"
url = "https://download.java.net/java/GA/jdk26.0.1/458fda22e4c54d5ba572ab8d2b22eb83/8/GPL/openjdk-26.0.1_windows-x64_bin.zip"

[[tools.jq]]
version = "1.8.1"
backend = "aqua:jqlang/jq"

[tools.jq."platforms.linux-arm64"]
checksum = "sha256:6bc62f25981328edd3cfcfe6fe51b073f2d7e7710d7ef7fcdac28d4e384fc3d4"
url = "https://github.com/jqlang/jq/releases/download/jq-1.8.1/jq-linux-arm64"
provenance = "github-attestations"

[tools.jq."platforms.linux-arm64-musl"]
checksum = "sha256:6bc62f25981328edd3cfcfe6fe51b073f2d7e7710d7ef7fcdac28d4e384fc3d4"
url = "https://github.com/jqlang/jq/releases/download/jq-1.8.1/jq-linux-arm64"
provenance = "github-attestations"

[tools.jq."platforms.linux-x64"]
checksum = "sha256:020468de7539ce70ef1bceaf7cde2e8c4f2ca6c3afb84642aabc5c97d9fc2a0d"
url = "https://github.com/jqlang/jq/releases/download/jq-1.8.1/jq-linux-amd64"
provenance = "github-attestations"

[tools.jq."platforms.linux-x64-musl"]
checksum = "sha256:020468de7539ce70ef1bceaf7cde2e8c4f2ca6c3afb84642aabc5c97d9fc2a0d"
url = "https://github.com/jqlang/jq/releases/download/jq-1.8.1/jq-linux-amd64"
provenance = "github-attestations"

[tools.jq."platforms.macos-arm64"]
checksum = "sha256:a9fe3ea2f86dfc72f6728417521ec9067b343277152b114f4e98d8cb0e263603"
url = "https://github.com/jqlang/jq/releases/download/jq-1.8.1/jq-macos-arm64"
provenance = "github-attestations"

[tools.jq."platforms.macos-x64"]
checksum = "sha256:e80dbe0d2a2597e3c11c404f03337b981d74b4a8504b70586c354b7697a7c27f"
url = "https://github.com/jqlang/jq/releases/download/jq-1.8.1/jq-macos-amd64"
provenance = "github-attestations"

[tools.jq."platforms.windows-x64"]
checksum = "sha256:23cb60a1354eed6bcc8d9b9735e8c7b388cd1fdcb75726b93bc299ef22dd9334"
url = "https://github.com/jqlang/jq/releases/download/jq-1.8.1/jq-windows-amd64.exe"
provenance = "github-attestations"

[[tools.ktlint]]
version = "1.8.0"
backend = "aqua:pinterest/ktlint"

[tools.ktlint."platforms.linux-arm64"]
checksum = "sha256:3722801dd119b96a2fbeda0b9d66f173994f249998c87bcf2274b51977aa8f77"
url = "https://github.com/ktlint/ktlint/releases/download/1.8.0/ktlint-1.8.0.zip"

[tools.ktlint."platforms.linux-arm64-musl"]
checksum = "sha256:3722801dd119b96a2fbeda0b9d66f173994f249998c87bcf2274b51977aa8f77"
url = "https://github.com/ktlint/ktlint/releases/download/1.8.0/ktlint-1.8.0.zip"

[tools.ktlint."platforms.linux-x64"]
checksum = "sha256:3722801dd119b96a2fbeda0b9d66f173994f249998c87bcf2274b51977aa8f77"
url = "https://github.com/ktlint/ktlint/releases/download/1.8.0/ktlint-1.8.0.zip"

[tools.ktlint."platforms.linux-x64-musl"]
checksum = "sha256:3722801dd119b96a2fbeda0b9d66f173994f249998c87bcf2274b51977aa8f77"
url = "https://github.com/ktlint/ktlint/releases/download/1.8.0/ktlint-1.8.0.zip"

[tools.ktlint."platforms.macos-arm64"]
checksum = "sha256:3722801dd119b96a2fbeda0b9d66f173994f249998c87bcf2274b51977aa8f77"
url = "https://github.com/ktlint/ktlint/releases/download/1.8.0/ktlint-1.8.0.zip"

[tools.ktlint."platforms.macos-x64"]
checksum = "sha256:3722801dd119b96a2fbeda0b9d66f173994f249998c87bcf2274b51977aa8f77"
url = "https://github.com/ktlint/ktlint/releases/download/1.8.0/ktlint-1.8.0.zip"

[tools.ktlint."platforms.windows-x64"]
checksum = "sha256:3722801dd119b96a2fbeda0b9d66f173994f249998c87bcf2274b51977aa8f77"
url = "https://github.com/ktlint/ktlint/releases/download/1.8.0/ktlint-1.8.0.zip"

[[tools.lychee]]
version = "0.24.2"
backend = "aqua:lycheeverse/lychee"

[tools.lychee."platforms.linux-arm64"]
checksum = "sha256:5d0b0e3aeab240f41920c633a6eaf97599be6eedda034b36e858ede7dba5e535"
url = "https://github.com/lycheeverse/lychee/releases/download/lychee-v0.24.2/lychee-aarch64-unknown-linux-musl.tar.gz"

[tools.lychee."platforms.linux-arm64-musl"]
checksum = "sha256:5d0b0e3aeab240f41920c633a6eaf97599be6eedda034b36e858ede7dba5e535"
url = "https://github.com/lycheeverse/lychee/releases/download/lychee-v0.24.2/lychee-aarch64-unknown-linux-musl.tar.gz"

[tools.lychee."platforms.linux-x64"]
checksum = "sha256:73657a111819a30c47c08352896796f23d64e4eb2b3ed39b6d32149241566fc5"
url = "https://github.com/lycheeverse/lychee/releases/download/lychee-v0.24.2/lychee-x86_64-unknown-linux-musl.tar.gz"

[tools.lychee."platforms.linux-x64-musl"]
checksum = "sha256:73657a111819a30c47c08352896796f23d64e4eb2b3ed39b6d32149241566fc5"
url = "https://github.com/lycheeverse/lychee/releases/download/lychee-v0.24.2/lychee-x86_64-unknown-linux-musl.tar.gz"

[tools.lychee."platforms.macos-arm64"]
checksum = "sha256:c9d3740ea2d891854d37116c9fba840f37b6e7c89d330e7db84ac333631c4977"
url = "https://github.com/lycheeverse/lychee/releases/download/lychee-v0.24.2/lychee-aarch64-apple-darwin.tar.gz"

[tools.lychee."platforms.macos-x64"]
checksum = "sha256:887503a9cff667d322b8d0892b40bf49976eb9507af8483220a3706cdad55978"
url = "https://github.com/lycheeverse/lychee/releases/download/lychee-v0.24.2/lychee-x86_64-apple-darwin.tar.gz"

[tools.lychee."platforms.windows-x64"]
checksum = "sha256:32975d1493ee1a975d6bb41e4fb56fe419cb442ded628bb772ba2e614acfacad"
url = "https://github.com/lycheeverse/lychee/releases/download/lychee-v0.24.2/lychee-x86_64-pc-windows-msvc.zip"

[[tools.maven]]
version = "3.9.16"
backend = "aqua:apache/maven"

[tools.maven."platforms.linux-arm64"]
url = "https://archive.apache.org/dist/maven/maven-3/3.9.16/binaries/apache-maven-3.9.16-bin.tar.gz"

[tools.maven."platforms.linux-arm64-musl"]
url = "https://archive.apache.org/dist/maven/maven-3/3.9.16/binaries/apache-maven-3.9.16-bin.tar.gz"

[tools.maven."platforms.linux-x64"]
url = "https://archive.apache.org/dist/maven/maven-3/3.9.16/binaries/apache-maven-3.9.16-bin.tar.gz"

[tools.maven."platforms.linux-x64-musl"]
url = "https://archive.apache.org/dist/maven/maven-3/3.9.16/binaries/apache-maven-3.9.16-bin.tar.gz"

[tools.maven."platforms.macos-arm64"]
url = "https://archive.apache.org/dist/maven/maven-3/3.9.16/binaries/apache-maven-3.9.16-bin.tar.gz"

[tools.maven."platforms.macos-x64"]
url = "https://archive.apache.org/dist/maven/maven-3/3.9.16/binaries/apache-maven-3.9.16-bin.tar.gz"

[tools.maven."platforms.windows-x64"]
url = "https://archive.apache.org/dist/maven/maven-3/3.9.16/binaries/apache-maven-3.9.16-bin.tar.gz"

[[tools.python]]
version = "3.14.5"
backend = "core:python"

[tools.python."platforms.linux-arm64"]
checksum = "sha256:bea1aa66159eaf97ade1225e40b7060d709154da961aa37792bb8066d8f6af49"
url = "https://github.com/astral-sh/python-build-standalone/releases/download/20260510/cpython-3.14.5+20260510-aarch64-unknown-linux-gnu-install_only_stripped.tar.gz"
provenance = "github-attestations"

[tools.python."platforms.linux-arm64-musl"]
checksum = "sha256:011e29568c2a6ed64938fba0793ca6225c99bc4d804143a26875b5f9ee3fc7fa"
url = "https://github.com/astral-sh/python-build-standalone/releases/download/20260510/cpython-3.14.5+20260510-aarch64-unknown-linux-musl-install_only_stripped.tar.gz"
provenance = "github-attestations"

[tools.python."platforms.linux-x64"]
checksum = "sha256:dc10977b0db3bef1ee2275107fde6fe9c148135b556fa352e83c6baa67d17ed6"
url = "https://github.com/astral-sh/python-build-standalone/releases/download/20260510/cpython-3.14.5+20260510-x86_64-unknown-linux-gnu-install_only_stripped.tar.gz"
provenance = "github-attestations"

[tools.python."platforms.linux-x64-musl"]
checksum = "sha256:6bc02ce4575e5d5379f4533f3d3f77acfdfd5ccd9c4edf790fcdd84578a1df01"
url = "https://github.com/astral-sh/python-build-standalone/releases/download/20260510/cpython-3.14.5+20260510-x86_64-unknown-linux-musl-install_only_stripped.tar.gz"
provenance = "github-attestations"

[tools.python."platforms.macos-arm64"]
checksum = "sha256:1bb0b3d45448dfe7e916dc62144cfd7d7a611dc6ccf05b8bb71662cc5c2a1ad2"
url = "https://github.com/astral-sh/python-build-standalone/releases/download/20260510/cpython-3.14.5+20260510-aarch64-apple-darwin-install_only_stripped.tar.gz"
provenance = "github-attestations"

[tools.python."platforms.macos-x64"]
checksum = "sha256:38662e526797db4e90b3381706b96821979fece0b536ac14b5c4e1a97e0590d5"
url = "https://github.com/astral-sh/python-build-standalone/releases/download/20260510/cpython-3.14.5+20260510-x86_64-apple-darwin-install_only_stripped.tar.gz"
provenance = "github-attestations"

[tools.python."platforms.windows-x64"]
checksum = "sha256:4d26ade49e9571ccb3bd1a88cfc72c52b11a9a9f6e204a57f38592aed137566a"
url = "https://github.com/astral-sh/python-build-standalone/releases/download/20260510/cpython-3.14.5+20260510-x86_64-pc-windows-msvc-install_only_stripped.tar.gz"
provenance = "github-attestations"

[[tools.ruff]]
version = "0.15.15"
backend = "aqua:astral-sh/ruff"

[tools.ruff."platforms.linux-arm64"]
checksum = "sha256:46ea2750c0f21dab01f853d55a521a5f388f8573dab698735effdc6a94c9b293"
url = "https://github.com/astral-sh/ruff/releases/download/0.15.15/ruff-aarch64-unknown-linux-musl.tar.gz"
provenance = "github-attestations"

[tools.ruff."platforms.linux-arm64-musl"]
checksum = "sha256:46ea2750c0f21dab01f853d55a521a5f388f8573dab698735effdc6a94c9b293"
url = "https://github.com/astral-sh/ruff/releases/download/0.15.15/ruff-aarch64-unknown-linux-musl.tar.gz"
provenance = "github-attestations"

[tools.ruff."platforms.linux-x64"]
checksum = "sha256:c09b24fdec07d8ea73f7cbb32c38eb4f36f52298ac445dccf763171c898d8fc0"
url = "https://github.com/astral-sh/ruff/releases/download/0.15.15/ruff-x86_64-unknown-linux-musl.tar.gz"
provenance = "github-attestations"

[tools.ruff."platforms.linux-x64-musl"]
checksum = "sha256:c09b24fdec07d8ea73f7cbb32c38eb4f36f52298ac445dccf763171c898d8fc0"
url = "https://github.com/astral-sh/ruff/releases/download/0.15.15/ruff-x86_64-unknown-linux-musl.tar.gz"
provenance = "github-attestations"

[tools.ruff."platforms.macos-arm64"]
checksum = "sha256:2f7063e09d3c2af019b56f4fc6548199851e9387f359d696111af312adfe7619"
url = "https://github.com/astral-sh/ruff/releases/download/0.15.15/ruff-aarch64-apple-darwin.tar.gz"
provenance = "github-attestations"

[tools.ruff."platforms.macos-x64"]
checksum = "sha256:e43d7c03701c7a436e18da455baf29e4be3379fb70887c4dc65091dfa73c1747"
url = "https://github.com/astral-sh/ruff/releases/download/0.15.15/ruff-x86_64-apple-darwin.tar.gz"
provenance = "github-attestations"

[tools.ruff."platforms.windows-x64"]
checksum = "sha256:c336db29a9e9234310212bc0d0bec1f722ec44f8a62c77b3f96a300282c6ff6d"
url = "https://github.com/astral-sh/ruff/releases/download/0.15.15/ruff-x86_64-pc-windows-msvc.zip"
provenance = "github-attestations"

[[tools.rumdl]]
version = "0.2.4"
backend = "aqua:rvben/rumdl"

[tools.rumdl."platforms.linux-arm64"]
checksum = "sha256:dbebfff0b8069550f12a833572c3caf7177baebbe7aec7dbcc0cadbba01125a0"
url = "https://github.com/rvben/rumdl/releases/download/v0.2.4/rumdl-v0.2.4-aarch64-unknown-linux-musl.tar.gz"
provenance = "github-attestations"

[tools.rumdl."platforms.linux-arm64-musl"]
checksum = "sha256:dbebfff0b8069550f12a833572c3caf7177baebbe7aec7dbcc0cadbba01125a0"
url = "https://github.com/rvben/rumdl/releases/download/v0.2.4/rumdl-v0.2.4-aarch64-unknown-linux-musl.tar.gz"
provenance = "github-attestations"

[tools.rumdl."platforms.linux-x64"]
checksum = "sha256:b0ae99a215671311d425d49abe65bd69b9fe153f3662b489b8243e73e036959f"
url = "https://github.com/rvben/rumdl/releases/download/v0.2.4/rumdl-v0.2.4-x86_64-unknown-linux-musl.tar.gz"
provenance = "github-attestations"

[tools.rumdl."platforms.linux-x64-musl"]
checksum = "sha256:b0ae99a215671311d425d49abe65bd69b9fe153f3662b489b8243e73e036959f"
url = "https://github.com/rvben/rumdl/releases/download/v0.2.4/rumdl-v0.2.4-x86_64-unknown-linux-musl.tar.gz"
provenance = "github-attestations"

[tools.rumdl."platforms.macos-arm64"]
checksum = "sha256:83aeb436ea758e9ac8524c580fe5d995d893fbd0544e1cda534cdc5ebbce7a1f"
url = "https://github.com/rvben/rumdl/releases/download/v0.2.4/rumdl-v0.2.4-aarch64-apple-darwin.tar.gz"
provenance = "github-attestations"

[tools.rumdl."platforms.macos-x64"]
checksum = "sha256:64bcc51604ce5e2af47b990b8fed5cb81d5766fabc42ccb9917b7d4fcb356e74"
url = "https://github.com/rvben/rumdl/releases/download/v0.2.4/rumdl-v0.2.4-x86_64-apple-darwin.tar.gz"
provenance = "github-attestations"

[tools.rumdl."platforms.windows-x64"]
checksum = "sha256:d3bb0de583f4a01c110e47cefb7b5c048cfba38707e4c828c18aca4cda4a5e4e"
url = "https://github.com/rvben/rumdl/releases/download/v0.2.4/rumdl-v0.2.4-x86_64-pc-windows-msvc.zip"
provenance = "github-attestations"

[[tools.taplo]]
version = "0.10.0"
backend = "aqua:tamasfe/taplo"

[tools.taplo."platforms.linux-arm64"]
url = "https://github.com/tamasfe/taplo/releases/download/0.10.0/taplo-linux-aarch64.gz"

[tools.taplo."platforms.linux-arm64-musl"]
url = "https://github.com/tamasfe/taplo/releases/download/0.10.0/taplo-linux-aarch64.gz"

[tools.taplo."platforms.linux-x64"]
url = "https://github.com/tamasfe/taplo/releases/download/0.10.0/taplo-linux-x86_64.gz"

[tools.taplo."platforms.linux-x64-musl"]
url = "https://github.com/tamasfe/taplo/releases/download/0.10.0/taplo-linux-x86_64.gz"

[tools.taplo."platforms.macos-arm64"]
url = "https://github.com/tamasfe/taplo/releases/download/0.10.0/taplo-darwin-aarch64.gz"

[tools.taplo."platforms.macos-x64"]
url = "https://github.com/tamasfe/taplo/releases/download/0.10.0/taplo-darwin-x86_64.gz"

[tools.taplo."platforms.windows-x64"]
url = "https://github.com/tamasfe/taplo/releases/download/0.10.0/taplo-windows-x86_64.zip"

[[tools.uv]]
version = "0.11.17"
backend = "aqua:astral-sh/uv"

[tools.uv."platforms.linux-arm64"]
checksum = "sha256:9e5eaf16ffad968fc689f18c2733ace914ed417d4e5572e92d807fd51a90228c"
url = "https://github.com/astral-sh/uv/releases/download/0.11.17/uv-aarch64-unknown-linux-musl.tar.gz"
provenance = "github-attestations"

[tools.uv."platforms.linux-arm64-musl"]
checksum = "sha256:9e5eaf16ffad968fc689f18c2733ace914ed417d4e5572e92d807fd51a90228c"
url = "https://github.com/astral-sh/uv/releases/download/0.11.17/uv-aarch64-unknown-linux-musl.tar.gz"
provenance = "github-attestations"

[tools.uv."platforms.linux-x64"]
checksum = "sha256:4231a429d4e0f7c1937d8916658c08a7706cd7872afebeb87203a18c2e0dc28e"
url = "https://github.com/astral-sh/uv/releases/download/0.11.17/uv-x86_64-unknown-linux-musl.tar.gz"
provenance = "github-attestations"

[tools.uv."platforms.linux-x64-musl"]
checksum = "sha256:4231a429d4e0f7c1937d8916658c08a7706cd7872afebeb87203a18c2e0dc28e"
url = "https://github.com/astral-sh/uv/releases/download/0.11.17/uv-x86_64-unknown-linux-musl.tar.gz"
provenance = "github-attestations"

[tools.uv."platforms.macos-arm64"]
checksum = "sha256:2a162f6b90ff3691a2f9cae1622e066a3ce592e110f66670cdcc841324b28226"
url = "https://github.com/astral-sh/uv/releases/download/0.11.17/uv-aarch64-apple-darwin.tar.gz"
provenance = "github-attestations"

[tools.uv."platforms.macos-x64"]
checksum = "sha256:6c66e41eaf4d15abeda58d3f268161b6e3f742d98390341b174a7cfc1b48841d"
url = "https://github.com/astral-sh/uv/releases/download/0.11.17/uv-x86_64-apple-darwin.tar.gz"
provenance = "github-attestations"

[tools.uv."platforms.windows-x64"]
checksum = "sha256:35fc29e03e62f3cda769bc12773f3cb70ce305d0d36c0d8bd0c117dd0b3fcd14"
url = "https://github.com/astral-sh/uv/releases/download/0.11.17/uv-x86_64-pc-windows-msvc.zip"
provenance = "github-attestations"
