# @generated - this file is auto-generated by `mise lock` https://mise.en.dev/dev-tools/mise-lock.html

[[tools.actionlint]]
version = "1.7.12"
backend = "aqua:rhysd/actionlint"

[tools.actionlint."platforms.linux-arm64"]
checksum = "sha256:325e971b6ba9bfa504672e29be93c24981eeb1c07576d730e9f7c8805afff0c6"
url = "https://github.com/rhysd/actionlint/releases/download/v1.7.12/actionlint_1.7.12_linux_arm64.tar.gz"
provenance = "github-attestations"

[tools.actionlint."platforms.linux-arm64-musl"]
checksum = "sha256:325e971b6ba9bfa504672e29be93c24981eeb1c07576d730e9f7c8805afff0c6"
url = "https://github.com/rhysd/actionlint/releases/download/v1.7.12/actionlint_1.7.12_linux_arm64.tar.gz"
provenance = "github-attestations"

[tools.actionlint."platforms.linux-x64"]
checksum = "sha256:8aca8db96f1b94770f1b0d72b6dddcb1ebb8123cb3712530b08cc387b349a3d8"
url = "https://github.com/rhysd/actionlint/releases/download/v1.7.12/actionlint_1.7.12_linux_amd64.tar.gz"
provenance = "github-attestations"

[tools.actionlint."platforms.linux-x64-musl"]
checksum = "sha256:8aca8db96f1b94770f1b0d72b6dddcb1ebb8123cb3712530b08cc387b349a3d8"
url = "https://github.com/rhysd/actionlint/releases/download/v1.7.12/actionlint_1.7.12_linux_amd64.tar.gz"
provenance = "github-attestations"

[tools.actionlint."platforms.macos-arm64"]
checksum = "sha256:aba9ced2dee8d27fecca3dc7feb1a7f9a52caefa1eb46f3271ea66b6e0e6953f"
url = "https://github.com/rhysd/actionlint/releases/download/v1.7.12/actionlint_1.7.12_darwin_arm64.tar.gz"
provenance = "github-attestations"

[tools.actionlint."platforms.macos-x64"]
checksum = "sha256:5b44c3bc2255115c9b69e30efc0fecdf498fdb63c5d58e17084fd5f16324c644"
url = "https://github.com/rhysd/actionlint/releases/download/v1.7.12/actionlint_1.7.12_darwin_amd64.tar.gz"
provenance = "github-attestations"

[tools.actionlint."platforms.windows-x64"]
checksum = "sha256:6e7241b51e6817ea6a047693d8e6fed13b31819c9a0dd6c5a726e1592d22f6e9"
url = "https://github.com/rhysd/actionlint/releases/download/v1.7.12/actionlint_1.7.12_windows_amd64.zip"
provenance = "github-attestations"

[[tools."aqua:grafana/flint"]]
version = "0.22.5"
backend = "aqua:grafana/flint"

[tools."aqua:grafana/flint"."platforms.linux-arm64"]
checksum = "sha256:65689b4bd6d021f34e2c599e8eeedd50464b09cef3f6203c5494b5af42cb4ff6"
url = "https://github.com/grafana/flint/releases/download/v0.22.5/flint-aarch64-unknown-linux-gnu.tar.gz"
provenance = "github-attestations"

[tools."aqua:grafana/flint"."platforms.linux-arm64-musl"]
provenance = "github-attestations"

[tools."aqua:grafana/flint"."platforms.linux-x64"]
checksum = "sha256:4f44e7546c82288327e78a6529e88f312bf005b6dbecd30c9e0b3aa54ecb84c3"
url = "https://github.com/grafana/flint/releases/download/v0.22.5/flint-x86_64-unknown-linux-gnu.tar.gz"
provenance = "github-attestations"

[tools."aqua:grafana/flint"."platforms.linux-x64-musl"]
provenance = "github-attestations"

[tools."aqua:grafana/flint"."platforms.macos-arm64"]
checksum = "sha256:76bcd4a3229784988e288ef083540b49d9c965afa6613ec548b2d51ffd5d0ab8"
url = "https://github.com/grafana/flint/releases/download/v0.22.5/flint-aarch64-apple-darwin.tar.gz"
provenance = "github-attestations"

[tools."aqua:grafana/flint"."platforms.macos-x64"]
checksum = "sha256:d4045aeef258f80aea9ba5a8ee880db95473d3eb75606c1d3a3fbeb0d2b3c052"
url = "https://github.com/grafana/flint/releases/download/v0.22.5/flint-x86_64-apple-darwin.tar.gz"
provenance = "github-attestations"

[tools."aqua:grafana/flint"."platforms.windows-x64"]
checksum = "sha256:d6b9915500850c9657da2233ecd0f4d35a57e062393d45d24ec1bed7f9c3b50a"
url = "https://github.com/grafana/flint/releases/download/v0.22.5/flint-x86_64-pc-windows-msvc.zip"
provenance = "github-attestations"

[[tools."aqua:jonwiggins/xmloxide"]]
version = "0.4.3"
backend = "aqua:jonwiggins/xmloxide"

[tools."aqua:jonwiggins/xmloxide"."platforms.linux-arm64"]
checksum = "sha256:abb840c558fdc94b4c1eddb1e4a3901d6c8129dcb76f387428dc2b30a7364967"
url = "https://github.com/jonwiggins/xmloxide/releases/download/v0.4.3/xmllint_linux-aarch64"

[tools."aqua:jonwiggins/xmloxide"."platforms.linux-arm64-musl"]
checksum = "sha256:abb840c558fdc94b4c1eddb1e4a3901d6c8129dcb76f387428dc2b30a7364967"
url = "https://github.com/jonwiggins/xmloxide/releases/download/v0.4.3/xmllint_linux-aarch64"

[tools."aqua:jonwiggins/xmloxide"."platforms.linux-x64"]
checksum = "sha256:46ccd30ff3a242b3d01ab72366cc3b6762882be604ebceaa32123a40d0af2dfc"
url = "https://github.com/jonwiggins/xmloxide/releases/download/v0.4.3/xmllint_linux-x86-64"

[tools."aqua:jonwiggins/xmloxide"."platforms.linux-x64-musl"]
checksum = "sha256:46ccd30ff3a242b3d01ab72366cc3b6762882be604ebceaa32123a40d0af2dfc"
url = "https://github.com/jonwiggins/xmloxide/releases/download/v0.4.3/xmllint_linux-x86-64"

[tools."aqua:jonwiggins/xmloxide"."platforms.macos-arm64"]
checksum = "sha256:6a2cb055e63ae97d75cd346c34138a9e31626e1dfc0983006c422c203b5cc288"
url = "https://github.com/jonwiggins/xmloxide/releases/download/v0.4.3/xmllint_darwin-aarch64"

[tools."aqua:jonwiggins/xmloxide"."platforms.macos-x64"]
checksum = "sha256:e83cbba88862d009405b5ce9e48025ff84b683a39a0832dde2db5395cb54734f"
url = "https://github.com/jonwiggins/xmloxide/releases/download/v0.4.3/xmllint_darwin-x86-64"

[tools."aqua:jonwiggins/xmloxide"."platforms.windows-x64"]
checksum = "sha256:22872cad20b8ce8ccab28c42ce17acc9aa64b82cbad7d130ee74196cd74cd414"
url = "https://github.com/jonwiggins/xmloxide/releases/download/v0.4.3/xmllint_windows-x86-64.exe"

[[tools."aqua:linebender/resvg"]]
version = "0.47.0"
backend = "aqua:linebender/resvg"

[tools."aqua:linebender/resvg"."platforms.linux-x64"]
checksum = "sha256:5c84dcbcd032fe7e8d96e616fd6807a2f9df6561d2e6582b37e91e63c6cb4fe7"
url = "https://github.com/linebender/resvg/releases/download/v0.47.0/resvg-linux-x86_64.tar.gz"

[tools."aqua:linebender/resvg"."platforms.linux-x64-musl"]
checksum = "sha256:5c84dcbcd032fe7e8d96e616fd6807a2f9df6561d2e6582b37e91e63c6cb4fe7"
url = "https://github.com/linebender/resvg/releases/download/v0.47.0/resvg-linux-x86_64.tar.gz"

[tools."aqua:linebender/resvg"."platforms.macos-arm64"]
checksum = "sha256:3f6d9ffb72ea347f964770b38a71b2f181209190e77278bbb9f179c0d05a0eaa"
url = "https://github.com/linebender/resvg/releases/download/v0.47.0/resvg-macos-x86_64.zip"

[tools."aqua:linebender/resvg"."platforms.macos-x64"]
checksum = "sha256:3f6d9ffb72ea347f964770b38a71b2f181209190e77278bbb9f179c0d05a0eaa"
url = "https://github.com/linebender/resvg/releases/download/v0.47.0/resvg-macos-x86_64.zip"

[tools."aqua:linebender/resvg"."platforms.windows-x64"]
checksum = "sha256:5684e59ceaa53ce720b49efb441b0918ae99d04e8ce3f6f753664524592d67f1"
url = "https://github.com/linebender/resvg/releases/download/v0.47.0/resvg-win64.zip"

[[tools."aqua:owenlamont/ryl"]]
version = "0.16.0"
backend = "aqua:owenlamont/ryl"

[tools."aqua:owenlamont/ryl"."platforms.linux-arm64"]
checksum = "sha256:f2da9e376a95db6bc0baf2d1f3ad46f9ec5332be1672562a252ab3b55066ded2"
url = "https://github.com/owenlamont/ryl/releases/download/v0.16.0/ryl-aarch64-unknown-linux-musl.tar.gz"
provenance = "github-attestations"

[tools."aqua:owenlamont/ryl"."platforms.linux-arm64-musl"]
checksum = "sha256:f2da9e376a95db6bc0baf2d1f3ad46f9ec5332be1672562a252ab3b55066ded2"
url = "https://github.com/owenlamont/ryl/releases/download/v0.16.0/ryl-aarch64-unknown-linux-musl.tar.gz"
provenance = "github-attestations"

[tools."aqua:owenlamont/ryl"."platforms.linux-x64"]
checksum = "sha256:50ef563d31d03f477df1091e9db17d0efd5e8e20285f0f1a106fb10c380f3ccd"
url = "https://github.com/owenlamont/ryl/releases/download/v0.16.0/ryl-x86_64-unknown-linux-musl.tar.gz"
provenance = "github-attestations"

[tools."aqua:owenlamont/ryl"."platforms.linux-x64-musl"]
checksum = "sha256:50ef563d31d03f477df1091e9db17d0efd5e8e20285f0f1a106fb10c380f3ccd"
url = "https://github.com/owenlamont/ryl/releases/download/v0.16.0/ryl-x86_64-unknown-linux-musl.tar.gz"
provenance = "github-attestations"

[tools."aqua:owenlamont/ryl"."platforms.macos-arm64"]
checksum = "sha256:d9646cf3f99ba8aaf5d9d8393da1f9b3267e12a7f7c1797750634c58527425ed"
url = "https://github.com/owenlamont/ryl/releases/download/v0.16.0/ryl-aarch64-apple-darwin.tar.gz"
provenance = "github-attestations"

[tools."aqua:owenlamont/ryl"."platforms.windows-x64"]
checksum = "sha256:56bb07993c5b69f709a0c454186fec358687551025446529658b1c25729d47bd"
url = "https://github.com/owenlamont/ryl/releases/download/v0.16.0/ryl-x86_64-pc-windows-msvc.zip"
provenance = "github-attestations"

[[tools.editorconfig-checker]]
version = "3.7.0"
backend = "aqua:editorconfig-checker/editorconfig-checker"

[tools.editorconfig-checker."platforms.linux-arm64"]
checksum = "sha256:e978f3f0940469989930311af8e101dd9ce8c2ee4da69264f3d76a3787e961ad"
url = "https://github.com/editorconfig-checker/editorconfig-checker/releases/download/v3.7.0/ec-linux-arm64.tar.gz"

[tools.editorconfig-checker."platforms.linux-arm64-musl"]
checksum = "sha256:e978f3f0940469989930311af8e101dd9ce8c2ee4da69264f3d76a3787e961ad"
url = "https://github.com/editorconfig-checker/editorconfig-checker/releases/download/v3.7.0/ec-linux-arm64.tar.gz"

[tools.editorconfig-checker."platforms.linux-x64"]
checksum = "sha256:9a0c3a5170bffa24f9e5f0def53d285777b6c5284a95367f40d399d0b76af552"
url = "https://github.com/editorconfig-checker/editorconfig-checker/releases/download/v3.7.0/ec-linux-amd64.tar.gz"

[tools.editorconfig-checker."platforms.linux-x64-musl"]
checksum = "sha256:9a0c3a5170bffa24f9e5f0def53d285777b6c5284a95367f40d399d0b76af552"
url = "https://github.com/editorconfig-checker/editorconfig-checker/releases/download/v3.7.0/ec-linux-amd64.tar.gz"

[tools.editorconfig-checker."platforms.macos-arm64"]
checksum = "sha256:727e6ef506c6fbe7719cc29c69b495715b64514a00059f3f179077bfad0580e5"
url = "https://github.com/editorconfig-checker/editorconfig-checker/releases/download/v3.7.0/ec-darwin-arm64.tar.gz"

[tools.editorconfig-checker."platforms.macos-x64"]
checksum = "sha256:6cd2e4aa2a374d391e3baeaae43fc28906fd15b09490f5669eee206a63eef00a"
url = "https://github.com/editorconfig-checker/editorconfig-checker/releases/download/v3.7.0/ec-darwin-amd64.tar.gz"

[tools.editorconfig-checker."platforms.windows-x64"]
checksum = "sha256:9c6b8a4cd7ccc5826ab96d34c460f37ab18b9cb50607d3ee9eb743fc47335da7"
url = "https://github.com/editorconfig-checker/editorconfig-checker/releases/download/v3.7.0/ec-windows-amd64.zip"

[[tools.java]]
version = "26.0.1"
backend = "core:java"

[tools.java.options]
shorthand_vendor = "openjdk"

[tools.java."platforms.linux-arm64"]
checksum = "sha256:12a3649b2f4a0c9f6491d220bdd04b4fff07cae502b435aaff46eac0e36f4df1"
url = "https://download.java.net/java/GA/jdk26.0.1/458fda22e4c54d5ba572ab8d2b22eb83/8/GPL/openjdk-26.0.1_linux-aarch64_bin.tar.gz"

[tools.java."platforms.linux-x64"]
checksum = "sha256:2f2802d57b5fc414f1ddf6648ba12cc9a6454cf67b32ac95407c018f2e6ab0b0"
url = "https://download.java.net/java/GA/jdk26.0.1/458fda22e4c54d5ba572ab8d2b22eb83/8/GPL/openjdk-26.0.1_linux-x64_bin.tar.gz"

[tools.java."platforms.macos-arm64"]
checksum = "sha256:b2d57405194a312ed4ec6ec08e83b314d3fd2e425e895d704ec5ef8ea6059e17"
url = "https://download.java.net/java/GA/jdk26.0.1/458fda22e4c54d5ba572ab8d2b22eb83/8/GPL/openjdk-26.0.1_macos-aarch64_bin.tar.gz"

[tools.java."platforms.macos-x64"]
checksum = "sha256:e52bc05aefe4991329a6a103c9b42ae4b9b77240a9f9d3d12f6a7365db1ae16a"
url = "https://download.java.net/java/GA/jdk26.0.1/458fda22e4c54d5ba572ab8d2b22eb83/8/GPL/openjdk-26.0.1_macos-x64_bin.tar.gz"

[tools.java."platforms.windows-x64"]
checksum = "sha256:b381d30647aed9ff440abed5ab61af01d8578c290cd407c57e064ebc4b0151be"
url = "https://download.java.net/java/GA/jdk26.0.1/458fda22e4c54d5ba572ab8d2b22eb83/8/GPL/openjdk-26.0.1_windows-x64_bin.zip"

[[tools.jq]]
version = "1.8.1"
backend = "aqua:jqlang/jq"

[tools.jq."platforms.linux-arm64"]
checksum = "sha256:6bc62f25981328edd3cfcfe6fe51b073f2d7e7710d7ef7fcdac28d4e384fc3d4"
url = "https://github.com/jqlang/jq/releases/download/jq-1.8.1/jq-linux-arm64"
provenance = "github-attestations"

[tools.jq."platforms.linux-arm64-musl"]
checksum = "sha256:6bc62f25981328edd3cfcfe6fe51b073f2d7e7710d7ef7fcdac28d4e384fc3d4"
url = "https://github.com/jqlang/jq/releases/download/jq-1.8.1/jq-linux-arm64"
provenance = "github-attestations"

[tools.jq."platforms.linux-x64"]
checksum = "sha256:020468de7539ce70ef1bceaf7cde2e8c4f2ca6c3afb84642aabc5c97d9fc2a0d"
url = "https://github.com/jqlang/jq/releases/download/jq-1.8.1/jq-linux-amd64"
provenance = "github-attestations"

[tools.jq."platforms.linux-x64-musl"]
checksum = "sha256:020468de7539ce70ef1bceaf7cde2e8c4f2ca6c3afb84642aabc5c97d9fc2a0d"
url = "https://github.com/jqlang/jq/releases/download/jq-1.8.1/jq-linux-amd64"
provenance = "github-attestations"

[tools.jq."platforms.macos-arm64"]
checksum = "sha256:a9fe3ea2f86dfc72f6728417521ec9067b343277152b114f4e98d8cb0e263603"
url = "https://github.com/jqlang/jq/releases/download/jq-1.8.1/jq-macos-arm64"
provenance = "github-attestations"

[tools.jq."platforms.macos-x64"]
checksum = "sha256:e80dbe0d2a2597e3c11c404f03337b981d74b4a8504b70586c354b7697a7c27f"
url = "https://github.com/jqlang/jq/releases/download/jq-1.8.1/jq-macos-amd64"
provenance = "github-attestations"

[tools.jq."platforms.windows-x64"]
checksum = "sha256:23cb60a1354eed6bcc8d9b9735e8c7b388cd1fdcb75726b93bc299ef22dd9334"
url = "https://github.com/jqlang/jq/releases/download/jq-1.8.1/jq-windows-amd64.exe"
provenance = "github-attestations"

[[tools.ktlint]]
version = "1.8.0"
backend = "aqua:pinterest/ktlint"

[tools.ktlint."platforms.linux-arm64"]
checksum = "sha256:3722801dd119b96a2fbeda0b9d66f173994f249998c87bcf2274b51977aa8f77"
url = "https://github.com/ktlint/ktlint/releases/download/1.8.0/ktlint-1.8.0.zip"

[tools.ktlint."platforms.linux-arm64-musl"]
checksum = "sha256:3722801dd119b96a2fbeda0b9d66f173994f249998c87bcf2274b51977aa8f77"
url = "https://github.com/ktlint/ktlint/releases/download/1.8.0/ktlint-1.8.0.zip"

[tools.ktlint."platforms.linux-x64"]
checksum = "sha256:3722801dd119b96a2fbeda0b9d66f173994f249998c87bcf2274b51977aa8f77"
url = "https://github.com/ktlint/ktlint/releases/download/1.8.0/ktlint-1.8.0.zip"

[tools.ktlint."platforms.linux-x64-musl"]
checksum = "sha256:3722801dd119b96a2fbeda0b9d66f173994f249998c87bcf2274b51977aa8f77"
url = "https://github.com/ktlint/ktlint/releases/download/1.8.0/ktlint-1.8.0.zip"

[tools.ktlint."platforms.macos-arm64"]
checksum = "sha256:3722801dd119b96a2fbeda0b9d66f173994f249998c87bcf2274b51977aa8f77"
url = "https://github.com/ktlint/ktlint/releases/download/1.8.0/ktlint-1.8.0.zip"

[tools.ktlint."platforms.macos-x64"]
checksum = "sha256:3722801dd119b96a2fbeda0b9d66f173994f249998c87bcf2274b51977aa8f77"
url = "https://github.com/ktlint/ktlint/releases/download/1.8.0/ktlint-1.8.0.zip"

[tools.ktlint."platforms.windows-x64"]
checksum = "sha256:3722801dd119b96a2fbeda0b9d66f173994f249998c87bcf2274b51977aa8f77"
url = "https://github.com/ktlint/ktlint/releases/download/1.8.0/ktlint-1.8.0.zip"

[[tools.lychee]]
version = "0.24.2"
backend = "aqua:lycheeverse/lychee"

[tools.lychee."platforms.linux-arm64"]
checksum = "sha256:5d0b0e3aeab240f41920c633a6eaf97599be6eedda034b36e858ede7dba5e535"
url = "https://github.com/lycheeverse/lychee/releases/download/lychee-v0.24.2/lychee-aarch64-unknown-linux-musl.tar.gz"

[tools.lychee."platforms.linux-arm64-musl"]
checksum = "sha256:5d0b0e3aeab240f41920c633a6eaf97599be6eedda034b36e858ede7dba5e535"
url = "https://github.com/lycheeverse/lychee/releases/download/lychee-v0.24.2/lychee-aarch64-unknown-linux-musl.tar.gz"

[tools.lychee."platforms.linux-x64"]
checksum = "sha256:73657a111819a30c47c08352896796f23d64e4eb2b3ed39b6d32149241566fc5"
url = "https://github.com/lycheeverse/lychee/releases/download/lychee-v0.24.2/lychee-x86_64-unknown-linux-musl.tar.gz"

[tools.lychee."platforms.linux-x64-musl"]
checksum = "sha256:73657a111819a30c47c08352896796f23d64e4eb2b3ed39b6d32149241566fc5"
url = "https://github.com/lycheeverse/lychee/releases/download/lychee-v0.24.2/lychee-x86_64-unknown-linux-musl.tar.gz"

[tools.lychee."platforms.macos-arm64"]
checksum = "sha256:c9d3740ea2d891854d37116c9fba840f37b6e7c89d330e7db84ac333631c4977"
url = "https://github.com/lycheeverse/lychee/releases/download/lychee-v0.24.2/lychee-aarch64-apple-darwin.tar.gz"

[tools.lychee."platforms.macos-x64"]
checksum = "sha256:887503a9cff667d322b8d0892b40bf49976eb9507af8483220a3706cdad55978"
url = "https://github.com/lycheeverse/lychee/releases/download/lychee-v0.24.2/lychee-x86_64-apple-darwin.tar.gz"

[tools.lychee."platforms.windows-x64"]
checksum = "sha256:32975d1493ee1a975d6bb41e4fb56fe419cb442ded628bb772ba2e614acfacad"
url = "https://github.com/lycheeverse/lychee/releases/download/lychee-v0.24.2/lychee-x86_64-pc-windows-msvc.zip"

[[tools.maven]]
version = "3.9.16"
backend = "aqua:apache/maven"

[tools.maven."platforms.linux-arm64"]
checksum = "sha512:831a8591fe20c8243b1dbe7d71e3244f31d1665b0804b2e825e38cbbe5ce0cafb8338851f90780735568773e0a6cd07bbec107cda0b896b008b861075358b6f6"
url = "https://archive.apache.org/dist/maven/maven-3/3.9.16/binaries/apache-maven-3.9.16-bin.tar.gz"

[tools.maven."platforms.linux-arm64-musl"]
checksum = "sha512:831a8591fe20c8243b1dbe7d71e3244f31d1665b0804b2e825e38cbbe5ce0cafb8338851f90780735568773e0a6cd07bbec107cda0b896b008b861075358b6f6"
url = "https://archive.apache.org/dist/maven/maven-3/3.9.16/binaries/apache-maven-3.9.16-bin.tar.gz"

[tools.maven."platforms.linux-x64"]
checksum = "sha512:831a8591fe20c8243b1dbe7d71e3244f31d1665b0804b2e825e38cbbe5ce0cafb8338851f90780735568773e0a6cd07bbec107cda0b896b008b861075358b6f6"
url = "https://archive.apache.org/dist/maven/maven-3/3.9.16/binaries/apache-maven-3.9.16-bin.tar.gz"

[tools.maven."platforms.linux-x64-musl"]
checksum = "sha512:831a8591fe20c8243b1dbe7d71e3244f31d1665b0804b2e825e38cbbe5ce0cafb8338851f90780735568773e0a6cd07bbec107cda0b896b008b861075358b6f6"
url = "https://archive.apache.org/dist/maven/maven-3/3.9.16/binaries/apache-maven-3.9.16-bin.tar.gz"

[tools.maven."platforms.macos-arm64"]
checksum = "sha512:831a8591fe20c8243b1dbe7d71e3244f31d1665b0804b2e825e38cbbe5ce0cafb8338851f90780735568773e0a6cd07bbec107cda0b896b008b861075358b6f6"
url = "https://archive.apache.org/dist/maven/maven-3/3.9.16/binaries/apache-maven-3.9.16-bin.tar.gz"

[tools.maven."platforms.macos-x64"]
checksum = "sha512:831a8591fe20c8243b1dbe7d71e3244f31d1665b0804b2e825e38cbbe5ce0cafb8338851f90780735568773e0a6cd07bbec107cda0b896b008b861075358b6f6"
url = "https://archive.apache.org/dist/maven/maven-3/3.9.16/binaries/apache-maven-3.9.16-bin.tar.gz"

[tools.maven."platforms.windows-x64"]
checksum = "sha512:831a8591fe20c8243b1dbe7d71e3244f31d1665b0804b2e825e38cbbe5ce0cafb8338851f90780735568773e0a6cd07bbec107cda0b896b008b861075358b6f6"
url = "https://archive.apache.org/dist/maven/maven-3/3.9.16/binaries/apache-maven-3.9.16-bin.tar.gz"

[[tools."pipx:keymap-drawer"]]
version = "0.23.0"
backend = "pipx:keymap-drawer"

[[tools.python]]
version = "3.14.6"
backend = "core:python"

[tools.python."platforms.linux-arm64"]
checksum = "sha256:9124d5c41739d78a446f1f29c1953bf41071abcbf18e6daec201a27608648195"
url = "https://github.com/astral-sh/python-build-standalone/releases/download/20260610/cpython-3.14.6+20260610-aarch64-unknown-linux-gnu-install_only_stripped.tar.gz"
provenance = "github-attestations"

[tools.python."platforms.linux-arm64-musl"]
checksum = "sha256:5c75bea22f425ebc94912c618518a5aa4753eedeea6b5da5939f027d3a9c0fec"
url = "https://github.com/astral-sh/python-build-standalone/releases/download/20260610/cpython-3.14.6+20260610-aarch64-unknown-linux-musl-install_only_stripped.tar.gz"
provenance = "github-attestations"

[tools.python."platforms.linux-x64"]
checksum = "sha256:0881fbde2c78605720fb2e240d1a6df38652a896e40a5fce2e10908dbee5f5b7"
url = "https://github.com/astral-sh/python-build-standalone/releases/download/20260610/cpython-3.14.6+20260610-x86_64-unknown-linux-gnu-install_only_stripped.tar.gz"
provenance = "github-attestations"

[tools.python."platforms.linux-x64-musl"]
checksum = "sha256:54eca143d09ed3c596ecad5e3bfcb7724387818f8f984f44f3d8c0e9f36681d3"
url = "https://github.com/astral-sh/python-build-standalone/releases/download/20260610/cpython-3.14.6+20260610-x86_64-unknown-linux-musl-install_only_stripped.tar.gz"
provenance = "github-attestations"

[tools.python."platforms.macos-arm64"]
checksum = "sha256:875516e13be36296f8f7dd0972b22ba3bed069ed08d27d5f0069caf227522921"
url = "https://github.com/astral-sh/python-build-standalone/releases/download/20260610/cpython-3.14.6+20260610-aarch64-apple-darwin-install_only_stripped.tar.gz"
provenance = "github-attestations"

[tools.python."platforms.macos-x64"]
checksum = "sha256:6f85cbb2a0fef4b90fc63aadcfe383c22db5eb7933066ca6ea384828a6b3f2d2"
url = "https://github.com/astral-sh/python-build-standalone/releases/download/20260610/cpython-3.14.6+20260610-x86_64-apple-darwin-install_only_stripped.tar.gz"
provenance = "github-attestations"

[tools.python."platforms.windows-x64"]
checksum = "sha256:49f0c7e8d1c2eaba70c5516ca6c01b6b766f6ff473f1209a76fd01783e7c75ae"
url = "https://github.com/astral-sh/python-build-standalone/releases/download/20260610/cpython-3.14.6+20260610-x86_64-pc-windows-msvc-install_only_stripped.tar.gz"
provenance = "github-attestations"

[[tools.ruff]]
version = "0.15.17"
backend = "aqua:astral-sh/ruff"

[tools.ruff."platforms.linux-arm64"]
checksum = "sha256:211d610dd81ef472d3b1404b28eaa19a62cb41ab9374584847307b97821a4ab8"
url = "https://github.com/astral-sh/ruff/releases/download/0.15.17/ruff-aarch64-unknown-linux-musl.tar.gz"
provenance = "github-attestations"

[tools.ruff."platforms.linux-arm64-musl"]
checksum = "sha256:211d610dd81ef472d3b1404b28eaa19a62cb41ab9374584847307b97821a4ab8"
url = "https://github.com/astral-sh/ruff/releases/download/0.15.17/ruff-aarch64-unknown-linux-musl.tar.gz"
provenance = "github-attestations"

[tools.ruff."platforms.linux-x64"]
checksum = "sha256:cbf85fc152b7fc25cb27f0233b325e9c72cb26965152050164e7608b72515189"
url = "https://github.com/astral-sh/ruff/releases/download/0.15.17/ruff-x86_64-unknown-linux-musl.tar.gz"
provenance = "github-attestations"

[tools.ruff."platforms.linux-x64-musl"]
checksum = "sha256:cbf85fc152b7fc25cb27f0233b325e9c72cb26965152050164e7608b72515189"
url = "https://github.com/astral-sh/ruff/releases/download/0.15.17/ruff-x86_64-unknown-linux-musl.tar.gz"
provenance = "github-attestations"

[tools.ruff."platforms.macos-arm64"]
checksum = "sha256:81f372886fb7a0056949356c615fa689a091cf79b0b54ed914c810cdbc6d85e9"
url = "https://github.com/astral-sh/ruff/releases/download/0.15.17/ruff-aarch64-apple-darwin.tar.gz"
provenance = "github-attestations"

[tools.ruff."platforms.macos-x64"]
checksum = "sha256:5522e517bd67ee8c2cb0d6a8298388d8edc8621a0bc5dc773f65e06c953693f6"
url = "https://github.com/astral-sh/ruff/releases/download/0.15.17/ruff-x86_64-apple-darwin.tar.gz"
provenance = "github-attestations"

[tools.ruff."platforms.windows-x64"]
checksum = "sha256:08b6cb2bd20f3d19e3cf6e768d8d8105c8337de1c52e90c7dc1deea483d68c86"
url = "https://github.com/astral-sh/ruff/releases/download/0.15.17/ruff-x86_64-pc-windows-msvc.zip"
provenance = "github-attestations"

[[tools.rumdl]]
version = "0.2.14"
backend = "aqua:rvben/rumdl"

[tools.rumdl."platforms.linux-arm64"]
checksum = "sha256:e171620ce86e5f4b15f6e3615b40557f8da7b9c7b95a890db65e14be5c6965f9"
url = "https://github.com/rvben/rumdl/releases/download/v0.2.14/rumdl-v0.2.14-aarch64-unknown-linux-musl.tar.gz"
provenance = "github-attestations"

[tools.rumdl."platforms.linux-arm64-musl"]
checksum = "sha256:e171620ce86e5f4b15f6e3615b40557f8da7b9c7b95a890db65e14be5c6965f9"
url = "https://github.com/rvben/rumdl/releases/download/v0.2.14/rumdl-v0.2.14-aarch64-unknown-linux-musl.tar.gz"
provenance = "github-attestations"

[tools.rumdl."platforms.linux-x64"]
checksum = "sha256:bee90a54e79e78a28396428e2ebcd39e01c26e14bc411da5d29b5c8853b66d41"
url = "https://github.com/rvben/rumdl/releases/download/v0.2.14/rumdl-v0.2.14-x86_64-unknown-linux-musl.tar.gz"
provenance = "github-attestations"

[tools.rumdl."platforms.linux-x64-musl"]
checksum = "sha256:bee90a54e79e78a28396428e2ebcd39e01c26e14bc411da5d29b5c8853b66d41"
url = "https://github.com/rvben/rumdl/releases/download/v0.2.14/rumdl-v0.2.14-x86_64-unknown-linux-musl.tar.gz"
provenance = "github-attestations"

[tools.rumdl."platforms.macos-arm64"]
checksum = "sha256:c2d7d3f860bbf5989071275a3f97e09d11a751e8601688f839666f5246fafb3e"
url = "https://github.com/rvben/rumdl/releases/download/v0.2.14/rumdl-v0.2.14-aarch64-apple-darwin.tar.gz"
provenance = "github-attestations"

[tools.rumdl."platforms.macos-x64"]
checksum = "sha256:d4f8ef3934a085efd3d7f00f0ec70e0c09446c5d275478d1daab46681e0ab2c7"
url = "https://github.com/rvben/rumdl/releases/download/v0.2.14/rumdl-v0.2.14-x86_64-apple-darwin.tar.gz"
provenance = "github-attestations"

[tools.rumdl."platforms.windows-x64"]
checksum = "sha256:0a905f7e36782bf3627e6de9687c063b58c9ed48fc95e1fcf2867bf96ef26c16"
url = "https://github.com/rvben/rumdl/releases/download/v0.2.14/rumdl-v0.2.14-x86_64-pc-windows-msvc.zip"
provenance = "github-attestations"

[[tools.taplo]]
version = "0.10.0"
backend = "aqua:tamasfe/taplo"

[tools.taplo."platforms.linux-arm64"]
url = "https://github.com/tamasfe/taplo/releases/download/0.10.0/taplo-linux-aarch64.gz"
url_api = "https://api.github.com/repos/tamasfe/taplo/releases/assets/257322597"

[tools.taplo."platforms.linux-arm64-musl"]
url = "https://github.com/tamasfe/taplo/releases/download/0.10.0/taplo-linux-aarch64.gz"
url_api = "https://api.github.com/repos/tamasfe/taplo/releases/assets/257322597"

[tools.taplo."platforms.linux-x64"]
url = "https://github.com/tamasfe/taplo/releases/download/0.10.0/taplo-linux-x86_64.gz"
url_api = "https://api.github.com/repos/tamasfe/taplo/releases/assets/257322600"

[tools.taplo."platforms.linux-x64-musl"]
url = "https://github.com/tamasfe/taplo/releases/download/0.10.0/taplo-linux-x86_64.gz"
url_api = "https://api.github.com/repos/tamasfe/taplo/releases/assets/257322600"

[tools.taplo."platforms.macos-arm64"]
url = "https://github.com/tamasfe/taplo/releases/download/0.10.0/taplo-darwin-aarch64.gz"
url_api = "https://api.github.com/repos/tamasfe/taplo/releases/assets/257323110"

[tools.taplo."platforms.macos-x64"]
url = "https://github.com/tamasfe/taplo/releases/download/0.10.0/taplo-darwin-x86_64.gz"
url_api = "https://api.github.com/repos/tamasfe/taplo/releases/assets/257323116"

[tools.taplo."platforms.windows-x64"]
url = "https://github.com/tamasfe/taplo/releases/download/0.10.0/taplo-windows-x86_64.zip"
url_api = "https://api.github.com/repos/tamasfe/taplo/releases/assets/257323062"

[[tools.uv]]
version = "0.11.21"
backend = "aqua:astral-sh/uv"

[tools.uv."platforms.linux-arm64"]
checksum = "sha256:e71badaed2a2c3a404a0a00974b51c7ed5f5bc7be947916846005b739c68a5a2"
url = "https://github.com/astral-sh/uv/releases/download/0.11.21/uv-aarch64-unknown-linux-musl.tar.gz"
provenance = "github-attestations"

[tools.uv."platforms.linux-arm64-musl"]
checksum = "sha256:e71badaed2a2c3a404a0a00974b51c7ed5f5bc7be947916846005b739c68a5a2"
url = "https://github.com/astral-sh/uv/releases/download/0.11.21/uv-aarch64-unknown-linux-musl.tar.gz"
provenance = "github-attestations"

[tools.uv."platforms.linux-x64"]
checksum = "sha256:9dadff5b9e7b1d2d011e41852a1cbca713d9d5d88194f2eb6bd240fa4fb0a719"
url = "https://github.com/astral-sh/uv/releases/download/0.11.21/uv-x86_64-unknown-linux-musl.tar.gz"
provenance = "github-attestations"

[tools.uv."platforms.linux-x64-musl"]
checksum = "sha256:9dadff5b9e7b1d2d011e41852a1cbca713d9d5d88194f2eb6bd240fa4fb0a719"
url = "https://github.com/astral-sh/uv/releases/download/0.11.21/uv-x86_64-unknown-linux-musl.tar.gz"
provenance = "github-attestations"

[tools.uv."platforms.macos-arm64"]
checksum = "sha256:1f921d491ba5ffeea774eb04d6681ecee379101341cbb1500394993b541bf3f4"
url = "https://github.com/astral-sh/uv/releases/download/0.11.21/uv-aarch64-apple-darwin.tar.gz"
provenance = "github-attestations"

[tools.uv."platforms.macos-x64"]
checksum = "sha256:f3c8e5708a84b920c18b691214d54d2b0da6b984789caae95d47c95120cb7765"
url = "https://github.com/astral-sh/uv/releases/download/0.11.21/uv-x86_64-apple-darwin.tar.gz"
provenance = "github-attestations"

[tools.uv."platforms.windows-x64"]
checksum = "sha256:ace861f360c6de2babedc1607d0f454b6b09a820dbc8182dc15af927e4df9589"
url = "https://github.com/astral-sh/uv/releases/download/0.11.21/uv-x86_64-pc-windows-msvc.zip"
provenance = "github-attestations"
